// !$*UTF8*$!
{
	archiveVersion = 1;
	classes = {
	};
	objectVersion = 50;
	objects = {

/* Begin PBXBuildFile section */
		C39ABD2020DDFBCF00DA5BC8 /* AppDelegate.swift in Sources */ = {isa = PBXBuildFile; fileRef = C39ABD1F20DDFBCF00DA5BC8 /* AppDelegate.swift */; };
		C39ABD2220DDFBCF00DA5BC8 /* DocumentBrowserViewController.swift in Sources */ = {isa = PBXBuildFile; fileRef = C39ABD2120DDFBCF00DA5BC8 /* DocumentBrowserViewController.swift */; };
		C39ABD2420DDFBCF00DA5BC8 /* DocumentViewController.swift in Sources */ = {isa = PBXBuildFile; fileRef = C39ABD2320DDFBCF00DA5BC8 /* DocumentViewController.swift */; };
		C39ABD2620DDFBCF00DA5BC8 /* Document.swift in Sources */ = {isa = PBXBuildFile; fileRef = C39ABD2520DDFBCF00DA5BC8 /* Document.swift */; };
		C39ABD2920DDFBCF00DA5BC8 /* Main.storyboard in Resources */ = {isa = PBXBuildFile; fileRef = C39ABD2720DDFBCF00DA5BC8 /* Main.storyboard */; };
		C39ABD2B20DDFBD100DA5BC8 /* Assets.xcassets in Resources */ = {isa = PBXBuildFile; fileRef = C39ABD2A20DDFBD100DA5BC8 /* Assets.xcassets */; };
		C39ABD2E20DDFBD100DA5BC8 /* LaunchScreen.storyboard in Resources */ = {isa = PBXBuildFile; fileRef = C39ABD2C20DDFBD100DA5BC8 /* LaunchScreen.storyboard */; };
		C39ABD3920DDFBD100DA5BC8 /* Plates_v3Tests.swift in Sources */ = {isa = PBXBuildFile; fileRef = C39ABD3820DDFBD100DA5BC8 /* Plates_v3Tests.swift */; };
		C39ABD4420DDFBD100DA5BC8 /* Plates_v3UITests.swift in Sources */ = {isa = PBXBuildFile; fileRef = C39ABD4320DDFBD100DA5BC8 /* Plates_v3UITests.swift */; };
		C39ABD5420DDFE8600DA5BC8 /* Globals.swift in Sources */ = {isa = PBXBuildFile; fileRef = C39ABD5320DDFE8600DA5BC8 /* Globals.swift */; };
		C39ABD5620DE016000DA5BC8 /* Structs.swift in Sources */ = {isa = PBXBuildFile; fileRef = C39ABD5520DE016000DA5BC8 /* Structs.swift */; };
		C39ABD5B20DE118A00DA5BC8 /* Structs.swift in Sources */ = {isa = PBXBuildFile; fileRef = C39ABD5520DE016000DA5BC8 /* Structs.swift */; };
		C39ABD5D20DE221400DA5BC8 /* KeyPadViewAppearance.swift in Sources */ = {isa = PBXBuildFile; fileRef = C39ABD5C20DE221400DA5BC8 /* KeyPadViewAppearance.swift */; };
		C39ABD5F20DE232700DA5BC8 /* KeyPadDumpingGround.swift in Sources */ = {isa = PBXBuildFile; fileRef = C39ABD5E20DE232700DA5BC8 /* KeyPadDumpingGround.swift */; };
		C39ABD6120DE237E00DA5BC8 /* OddFunctions.swift in Sources */ = {isa = PBXBuildFile; fileRef = C39ABD6020DE237E00DA5BC8 /* OddFunctions.swift */; };
		C39ABD6320DE253D00DA5BC8 /* DataAccess.swift in Sources */ = {isa = PBXBuildFile; fileRef = C39ABD6220DE253D00DA5BC8 /* DataAccess.swift */; };
		C3CC030C20DE2B3200A113DF /* JVFloatLabeledText.framework in Frameworks */ = {isa = PBXBuildFile; fileRef = C3CC030B20DE2B3100A113DF /* JVFloatLabeledText.framework */; };
		C3CC030E20DE2B3500A113DF /* JVFloatLabeledText.framework in Embed Frameworks */ = {isa = PBXBuildFile; fileRef = C3CC030B20DE2B3100A113DF /* JVFloatLabeledText.framework */; settings = {ATTRIBUTES = (CodeSignOnCopy, RemoveHeadersOnCopy, ); }; };
		C3CC031920DE3E8F00A113DF /* PublicClasses.swift in Sources */ = {isa = PBXBuildFile; fileRef = C3CC030F20DE3C3500A113DF /* PublicClasses.swift */; };
		C3CC031A20DE3EA800A113DF /* PublicClassesText.swift in Sources */ = {isa = PBXBuildFile; fileRef = C3CC031020DE3C3500A113DF /* PublicClassesText.swift */; };
		C3CC031B20DE46D300A113DF /* PublicClassesButtons.swift in Sources */ = {isa = PBXBuildFile; fileRef = C3CC031120DE3C3600A113DF /* PublicClassesButtons.swift */; };
		C3CC031C20DE533800A113DF /* PublicClassesUseful.swift in Sources */ = {isa = PBXBuildFile; fileRef = C3CC031220DE3C3600A113DF /* PublicClassesUseful.swift */; };
		C3CC031E20DEB63000A113DF /* OddFunctions.swift in Sources */ = {isa = PBXBuildFile; fileRef = C39ABD6020DE237E00DA5BC8 /* OddFunctions.swift */; };
		C3CC031F20DEB63300A113DF /* OddFunctions.swift in Sources */ = {isa = PBXBuildFile; fileRef = C39ABD6020DE237E00DA5BC8 /* OddFunctions.swift */; };
		C3CC032120DEF1F700A113DF /* Plates-Imported in Resources */ = {isa = PBXBuildFile; fileRef = C3CC032020DEF1F700A113DF /* Plates-Imported */; };
		C3CC032520DEF2B300A113DF /* KeyPadButtons.swift in Sources */ = {isa = PBXBuildFile; fileRef = C3CC032420DEF2B300A113DF /* KeyPadButtons.swift */; };
		C3CC032720DEF2DF00A113DF /* KeyPadPopovers.swift in Sources */ = {isa = PBXBuildFile; fileRef = C3CC032620DEF2DF00A113DF /* KeyPadPopovers.swift */; };
		C3CC032920DEF8CF00A113DF /* KeyPadDelegate.swift in Sources */ = {isa = PBXBuildFile; fileRef = C3CC032820DEF8CF00A113DF /* KeyPadDelegate.swift */; };
		C3CC032B20DEF99700A113DF /* KeyPadiCloud.swift in Sources */ = {isa = PBXBuildFile; fileRef = C3CC032A20DEF99700A113DF /* KeyPadiCloud.swift */; };
		C3CC032D20DEFCCE00A113DF /* KeyPadViewsDidWill.swift in Sources */ = {isa = PBXBuildFile; fileRef = C3CC032C20DEFCCE00A113DF /* KeyPadViewsDidWill.swift */; };
		C3CC033120DEFD0F00A113DF /* KeyPadKeyboard.swift in Sources */ = {isa = PBXBuildFile; fileRef = C3CC033020DEFD0F00A113DF /* KeyPadKeyboard.swift */; };
/* End PBXBuildFile section */

/* Begin PBXContainerItemProxy section */
		C39ABD3520DDFBD100DA5BC8 /* PBXContainerItemProxy */ = {
			isa = PBXContainerItemProxy;
			containerPortal = C39ABD1420DDFBCF00DA5BC8 /* Project object */;
			proxyType = 1;
			remoteGlobalIDString = C39ABD1B20DDFBCF00DA5BC8;
			remoteInfo = "Plates v3";
		};
		C39ABD4020DDFBD100DA5BC8 /* PBXContainerItemProxy */ = {
			isa = PBXContainerItemProxy;
			containerPortal = C39ABD1420DDFBCF00DA5BC8 /* Project object */;
			proxyType = 1;
			remoteGlobalIDString = C39ABD1B20DDFBCF00DA5BC8;
			remoteInfo = "Plates v3";
		};
/* End PBXContainerItemProxy section */

/* Begin PBXCopyFilesBuildPhase section */
		C3CC030A20DE2A9A00A113DF /* Embed Frameworks */ = {
			isa = PBXCopyFilesBuildPhase;
			buildActionMask = 2147483647;
			dstPath = "";
			dstSubfolderSpec = 10;
			files = (
				C3CC030E20DE2B3500A113DF /* JVFloatLabeledText.framework in Embed Frameworks */,
			);
			name = "Embed Frameworks";
			runOnlyForDeploymentPostprocessing = 0;
		};
/* End PBXCopyFilesBuildPhase section */

/* Begin PBXFileReference section */
		C39ABD1C20DDFBCF00DA5BC8 /* Plates v3.app */ = {isa = PBXFileReference; explicitFileType = wrapper.application; includeInIndex = 0; path = "Plates v3.app"; sourceTree = BUILT_PRODUCTS_DIR; };
		C39ABD1F20DDFBCF00DA5BC8 /* AppDelegate.swift */ = {isa = PBXFileReference; lastKnownFileType = sourcecode.swift; path = AppDelegate.swift; sourceTree = "<group>"; };
		C39ABD2120DDFBCF00DA5BC8 /* DocumentBrowserViewController.swift */ = {isa = PBXFileReference; lastKnownFileType = sourcecode.swift; path = DocumentBrowserViewController.swift; sourceTree = "<group>"; };
		C39ABD2320DDFBCF00DA5BC8 /* DocumentViewController.swift */ = {isa = PBXFileReference; lastKnownFileType = sourcecode.swift; path = DocumentViewController.swift; sourceTree = "<group>"; };
		C39ABD2520DDFBCF00DA5BC8 /* Document.swift */ = {isa = PBXFileReference; lastKnownFileType = sourcecode.swift; path = Document.swift; sourceTree = "<group>"; };
		C39ABD2820DDFBCF00DA5BC8 /* Base */ = {isa = PBXFileReference; lastKnownFileType = file.storyboard; name = Base; path = Base.lproj/Main.storyboard; sourceTree = "<group>"; };
		C39ABD2A20DDFBD100DA5BC8 /* Assets.xcassets */ = {isa = PBXFileReference; lastKnownFileType = folder.assetcatalog; path = Assets.xcassets; sourceTree = "<group>"; };
		C39ABD2D20DDFBD100DA5BC8 /* Base */ = {isa = PBXFileReference; lastKnownFileType = file.storyboard; name = Base; path = Base.lproj/LaunchScreen.storyboard; sourceTree = "<group>"; };
		C39ABD2F20DDFBD100DA5BC8 /* Info.plist */ = {isa = PBXFileReference; lastKnownFileType = text.plist.xml; path = Info.plist; sourceTree = "<group>"; };
		C39ABD3420DDFBD100DA5BC8 /* Plates v3Tests.xctest */ = {isa = PBXFileReference; explicitFileType = wrapper.cfbundle; includeInIndex = 0; path = "Plates v3Tests.xctest"; sourceTree = BUILT_PRODUCTS_DIR; };
		C39ABD3820DDFBD100DA5BC8 /* Plates_v3Tests.swift */ = {isa = PBXFileReference; lastKnownFileType = sourcecode.swift; path = Plates_v3Tests.swift; sourceTree = "<group>"; };
		C39ABD3A20DDFBD100DA5BC8 /* Info.plist */ = {isa = PBXFileReference; lastKnownFileType = text.plist.xml; path = Info.plist; sourceTree = "<group>"; };
		C39ABD3F20DDFBD100DA5BC8 /* Plates v3UITests.xctest */ = {isa = PBXFileReference; explicitFileType = wrapper.cfbundle; includeInIndex = 0; path = "Plates v3UITests.xctest"; sourceTree = BUILT_PRODUCTS_DIR; };
		C39ABD4320DDFBD100DA5BC8 /* Plates_v3UITests.swift */ = {isa = PBXFileReference; lastKnownFileType = sourcecode.swift; path = Plates_v3UITests.swift; sourceTree = "<group>"; };
		C39ABD4520DDFBD100DA5BC8 /* Info.plist */ = {isa = PBXFileReference; lastKnownFileType = text.plist.xml; path = Info.plist; sourceTree = "<group>"; };
		C39ABD5320DDFE8600DA5BC8 /* Globals.swift */ = {isa = PBXFileReference; lastKnownFileType = sourcecode.swift; path = Globals.swift; sourceTree = "<group>"; };
		C39ABD5520DE016000DA5BC8 /* Structs.swift */ = {isa = PBXFileReference; lastKnownFileType = sourcecode.swift; path = Structs.swift; sourceTree = "<group>"; };
		C39ABD5C20DE221400DA5BC8 /* KeyPadViewAppearance.swift */ = {isa = PBXFileReference; lastKnownFileType = sourcecode.swift; path = KeyPadViewAppearance.swift; sourceTree = "<group>"; };
		C39ABD5E20DE232700DA5BC8 /* KeyPadDumpingGround.swift */ = {isa = PBXFileReference; lastKnownFileType = sourcecode.swift; path = KeyPadDumpingGround.swift; sourceTree = "<group>"; };
		C39ABD6020DE237E00DA5BC8 /* OddFunctions.swift */ = {isa = PBXFileReference; lastKnownFileType = sourcecode.swift; path = OddFunctions.swift; sourceTree = "<group>"; };
		C39ABD6220DE253D00DA5BC8 /* DataAccess.swift */ = {isa = PBXFileReference; lastKnownFileType = sourcecode.swift; path = DataAccess.swift; sourceTree = "<group>"; };
		C3CC02FC20DE29A000A113DF /* Plates v3-Bridging-Header.h */ = {isa = PBXFileReference; lastKnownFileType = sourcecode.c.h; path = "Plates v3-Bridging-Header.h"; sourceTree = "<group>"; };
		C3CC030B20DE2B3100A113DF /* JVFloatLabeledText.framework */ = {isa = PBXFileReference; lastKnownFileType = wrapper.framework; name = JVFloatLabeledText.framework; path = Carthage/Build/iOS/JVFloatLabeledText.framework; sourceTree = "<group>"; };
		C3CC030F20DE3C3500A113DF /* PublicClasses.swift */ = {isa = PBXFileReference; fileEncoding = 4; lastKnownFileType = sourcecode.swift; path = PublicClasses.swift; sourceTree = "<group>"; };
		C3CC031020DE3C3500A113DF /* PublicClassesText.swift */ = {isa = PBXFileReference; fileEncoding = 4; lastKnownFileType = sourcecode.swift; path = PublicClassesText.swift; sourceTree = "<group>"; };
		C3CC031120DE3C3600A113DF /* PublicClassesButtons.swift */ = {isa = PBXFileReference; fileEncoding = 4; lastKnownFileType = sourcecode.swift; path = PublicClassesButtons.swift; sourceTree = "<group>"; };
		C3CC031220DE3C3600A113DF /* PublicClassesUseful.swift */ = {isa = PBXFileReference; fileEncoding = 4; lastKnownFileType = sourcecode.swift; path = PublicClassesUseful.swift; sourceTree = "<group>"; };
		C3CC032020DEF1F700A113DF /* Plates-Imported */ = {isa = PBXFileReference; lastKnownFileType = folder; path = "Plates-Imported"; sourceTree = "<group>"; };
		C3CC032420DEF2B300A113DF /* KeyPadButtons.swift */ = {isa = PBXFileReference; fileEncoding = 4; lastKnownFileType = sourcecode.swift; path = KeyPadButtons.swift; sourceTree = "<group>"; };
		C3CC032620DEF2DF00A113DF /* KeyPadPopovers.swift */ = {isa = PBXFileReference; fileEncoding = 4; lastKnownFileType = sourcecode.swift; path = KeyPadPopovers.swift; sourceTree = "<group>"; };
		C3CC032820DEF8CF00A113DF /* KeyPadDelegate.swift */ = {isa = PBXFileReference; fileEncoding = 4; lastKnownFileType = sourcecode.swift; path = KeyPadDelegate.swift; sourceTree = "<group>"; };
		C3CC032A20DEF99700A113DF /* KeyPadiCloud.swift */ = {isa = PBXFileReference; fileEncoding = 4; lastKnownFileType = sourcecode.swift; path = KeyPadiCloud.swift; sourceTree = "<group>"; };
		C3CC032C20DEFCCE00A113DF /* KeyPadViewsDidWill.swift */ = {isa = PBXFileReference; fileEncoding = 4; lastKnownFileType = sourcecode.swift; path = KeyPadViewsDidWill.swift; sourceTree = "<group>"; };
		C3CC033020DEFD0F00A113DF /* KeyPadKeyboard.swift */ = {isa = PBXFileReference; fileEncoding = 4; lastKnownFileType = sourcecode.swift; path = KeyPadKeyboard.swift; sourceTree = "<group>"; };
/* End PBXFileReference section */

/* Begin PBXFrameworksBuildPhase section */
		C39ABD1920DDFBCF00DA5BC8 /* Frameworks */ = {
			isa = PBXFrameworksBuildPhase;
			buildActionMask = 2147483647;
			files = (
				C3CC030C20DE2B3200A113DF /* JVFloatLabeledText.framework in Frameworks */,
			);
			runOnlyForDeploymentPostprocessing = 0;
		};
		C39ABD3120DDFBD100DA5BC8 /* Frameworks */ = {
			isa = PBXFrameworksBuildPhase;
			buildActionMask = 2147483647;
			files = (
			);
			runOnlyForDeploymentPostprocessing = 0;
		};
		C39ABD3C20DDFBD100DA5BC8 /* Frameworks */ = {
			isa = PBXFrameworksBuildPhase;
			buildActionMask = 2147483647;
			files = (
			);
			runOnlyForDeploymentPostprocessing = 0;
		};
/* End PBXFrameworksBuildPhase section */

/* Begin PBXGroup section */
		C39ABD1320DDFBCF00DA5BC8 = {
			isa = PBXGroup;
			children = (
				C3CC030B20DE2B3100A113DF /* JVFloatLabeledText.framework */,
				C39ABD1E20DDFBCF00DA5BC8 /* Plates v3 */,
				C39ABD3720DDFBD100DA5BC8 /* Plates v3Tests */,
				C39ABD4220DDFBD100DA5BC8 /* Plates v3UITests */,
				C39ABD1D20DDFBCF00DA5BC8 /* Products */,
			);
			sourceTree = "<group>";
		};
		C39ABD1D20DDFBCF00DA5BC8 /* Products */ = {
			isa = PBXGroup;
			children = (
				C39ABD1C20DDFBCF00DA5BC8 /* Plates v3.app */,
				C39ABD3420DDFBD100DA5BC8 /* Plates v3Tests.xctest */,
				C39ABD3F20DDFBD100DA5BC8 /* Plates v3UITests.xctest */,
			);
			name = Products;
			sourceTree = "<group>";
		};
		C39ABD1E20DDFBCF00DA5BC8 /* Plates v3 */ = {
			isa = PBXGroup;
			children = (
				C39ABD1F20DDFBCF00DA5BC8 /* AppDelegate.swift */,
				C39ABD2120DDFBCF00DA5BC8 /* DocumentBrowserViewController.swift */,
				C39ABD2320DDFBCF00DA5BC8 /* DocumentViewController.swift */,
				C39ABD2520DDFBCF00DA5BC8 /* Document.swift */,
				C39ABD5520DE016000DA5BC8 /* Structs.swift */,
				C39ABD5320DDFE8600DA5BC8 /* Globals.swift */,
				C39ABD2720DDFBCF00DA5BC8 /* Main.storyboard */,
				C3CC032320DEF28A00A113DF /* Keypad View */,
				C3CC032020DEF1F700A113DF /* Plates-Imported */,
				C3CC032220DEF21D00A113DF /* Public Classes */,
				C39ABD6220DE253D00DA5BC8 /* DataAccess.swift */,
				C39ABD6020DE237E00DA5BC8 /* OddFunctions.swift */,
				C39ABD2A20DDFBD100DA5BC8 /* Assets.xcassets */,
				C39ABD2C20DDFBD100DA5BC8 /* LaunchScreen.storyboard */,
				C39ABD2F20DDFBD100DA5BC8 /* Info.plist */,
				C3CC02FC20DE29A000A113DF /* Plates v3-Bridging-Header.h */,
			);
			path = "Plates v3";
			sourceTree = "<group>";
		};
		C39ABD3720DDFBD100DA5BC8 /* Plates v3Tests */ = {
			isa = PBXGroup;
			children = (
				C39ABD3820DDFBD100DA5BC8 /* Plates_v3Tests.swift */,
				C39ABD3A20DDFBD100DA5BC8 /* Info.plist */,
			);
			path = "Plates v3Tests";
			sourceTree = "<group>";
		};
		C39ABD4220DDFBD100DA5BC8 /* Plates v3UITests */ = {
			isa = PBXGroup;
			children = (
				C39ABD4320DDFBD100DA5BC8 /* Plates_v3UITests.swift */,
				C39ABD4520DDFBD100DA5BC8 /* Info.plist */,
			);
			path = "Plates v3UITests";
			sourceTree = "<group>";
		};
		C3CC032220DEF21D00A113DF /* Public Classes */ = {
			isa = PBXGroup;
			children = (
				C3CC030F20DE3C3500A113DF /* PublicClasses.swift */,
				C3CC031120DE3C3600A113DF /* PublicClassesButtons.swift */,
				C3CC031020DE3C3500A113DF /* PublicClassesText.swift */,
				C3CC031220DE3C3600A113DF /* PublicClassesUseful.swift */,
			);
			path = "Public Classes";
			sourceTree = "<group>";
		};
		C3CC032320DEF28A00A113DF /* Keypad View */ = {
			isa = PBXGroup;
			children = (
				C3CC032C20DEFCCE00A113DF /* KeyPadViewsDidWill.swift */,
				C39ABD5C20DE221400DA5BC8 /* KeyPadViewAppearance.swift */,
				C3CC033020DEFD0F00A113DF /* KeyPadKeyboard.swift */,
				C3CC032A20DEF99700A113DF /* KeyPadiCloud.swift */,
				C3CC032820DEF8CF00A113DF /* KeyPadDelegate.swift */,
				C3CC032420DEF2B300A113DF /* KeyPadButtons.swift */,
				C3CC032620DEF2DF00A113DF /* KeyPadPopovers.swift */,
				C39ABD5E20DE232700DA5BC8 /* KeyPadDumpingGround.swift */,
			);
			path = "Keypad View";
			sourceTree = "<group>";
		};
/* End PBXGroup section */

/* Begin PBXNativeTarget section */
		C39ABD1B20DDFBCF00DA5BC8 /* Plates v3 */ = {
			isa = PBXNativeTarget;
			buildConfigurationList = C39ABD4820DDFBD100DA5BC8 /* Build configuration list for PBXNativeTarget "Plates v3" */;
			buildPhases = (
				C39ABD1820DDFBCF00DA5BC8 /* Sources */,
				C39ABD1920DDFBCF00DA5BC8 /* Frameworks */,
				C39ABD1A20DDFBCF00DA5BC8 /* Resources */,
				C3CC030A20DE2A9A00A113DF /* Embed Frameworks */,
			);
			buildRules = (
			);
			dependencies = (
			);
			name = "Plates v3";
			productName = "Plates v3";
			productReference = C39ABD1C20DDFBCF00DA5BC8 /* Plates v3.app */;
			productType = "com.apple.product-type.application";
		};
		C39ABD3320DDFBD100DA5BC8 /* Plates v3Tests */ = {
			isa = PBXNativeTarget;
			buildConfigurationList = C39ABD4B20DDFBD100DA5BC8 /* Build configuration list for PBXNativeTarget "Plates v3Tests" */;
			buildPhases = (
				C39ABD3020DDFBD100DA5BC8 /* Sources */,
				C39ABD3120DDFBD100DA5BC8 /* Frameworks */,
				C39ABD3220DDFBD100DA5BC8 /* Resources */,
			);
			buildRules = (
			);
			dependencies = (
				C39ABD3620DDFBD100DA5BC8 /* PBXTargetDependency */,
			);
			name = "Plates v3Tests";
			productName = "Plates v3Tests";
			productReference = C39ABD3420DDFBD100DA5BC8 /* Plates v3Tests.xctest */;
			productType = "com.apple.product-type.bundle.unit-test";
		};
		C39ABD3E20DDFBD100DA5BC8 /* Plates v3UITests */ = {
			isa = PBXNativeTarget;
			buildConfigurationList = C39ABD4E20DDFBD100DA5BC8 /* Build configuration list for PBXNativeTarget "Plates v3UITests" */;
			buildPhases = (
				C39ABD3B20DDFBD100DA5BC8 /* Sources */,
				C39ABD3C20DDFBD100DA5BC8 /* Frameworks */,
				C39ABD3D20DDFBD100DA5BC8 /* Resources */,
			);
			buildRules = (
			);
			dependencies = (
				C39ABD4120DDFBD100DA5BC8 /* PBXTargetDependency */,
			);
			name = "Plates v3UITests";
			productName = "Plates v3UITests";
			productReference = C39ABD3F20DDFBD100DA5BC8 /* Plates v3UITests.xctest */;
			productType = "com.apple.product-type.bundle.ui-testing";
		};
/* End PBXNativeTarget section */

/* Begin PBXProject section */
		C39ABD1420DDFBCF00DA5BC8 /* Project object */ = {
			isa = PBXProject;
			attributes = {
				LastSwiftUpdateCheck = 0940;
				LastUpgradeCheck = 0940;
				ORGANIZATIONNAME = "Nicholas Talavera";
				TargetAttributes = {
					C39ABD1B20DDFBCF00DA5BC8 = {
						CreatedOnToolsVersion = 9.4.1;
						LastSwiftMigration = 0940;
					};
					C39ABD3320DDFBD100DA5BC8 = {
						CreatedOnToolsVersion = 9.4.1;
						TestTargetID = C39ABD1B20DDFBCF00DA5BC8;
					};
					C39ABD3E20DDFBD100DA5BC8 = {
						CreatedOnToolsVersion = 9.4.1;
						TestTargetID = C39ABD1B20DDFBCF00DA5BC8;
					};
				};
			};
			buildConfigurationList = C39ABD1720DDFBCF00DA5BC8 /* Build configuration list for PBXProject "Plates v3" */;
			compatibilityVersion = "Xcode 9.3";
			developmentRegion = en;
			hasScannedForEncodings = 0;
			knownRegions = (
				en,
				Base,
			);
			mainGroup = C39ABD1320DDFBCF00DA5BC8;
			productRefGroup = C39ABD1D20DDFBCF00DA5BC8 /* Products */;
			projectDirPath = "";
			projectRoot = "";
			targets = (
				C39ABD1B20DDFBCF00DA5BC8 /* Plates v3 */,
				C39ABD3320DDFBD100DA5BC8 /* Plates v3Tests */,
				C39ABD3E20DDFBD100DA5BC8 /* Plates v3UITests */,
			);
		};
/* End PBXProject section */

/* Begin PBXResourcesBuildPhase section */
		C39ABD1A20DDFBCF00DA5BC8 /* Resources */ = {
			isa = PBXResourcesBuildPhase;
			buildActionMask = 2147483647;
			files = (
				C39ABD2E20DDFBD100DA5BC8 /* LaunchScreen.storyboard in Resources */,
				C39ABD2B20DDFBD100DA5BC8 /* Assets.xcassets in Resources */,
				C3CC032120DEF1F700A113DF /* Plates-Imported in Resources */,
				C39ABD2920DDFBCF00DA5BC8 /* Main.storyboard in Resources */,
			);
			runOnlyForDeploymentPostprocessing = 0;
		};
		C39ABD3220DDFBD100DA5BC8 /* Resources */ = {
			isa = PBXResourcesBuildPhase;
			buildActionMask = 2147483647;
			files = (
			);
			runOnlyForDeploymentPostprocessing = 0;
		};
		C39ABD3D20DDFBD100DA5BC8 /* Resources */ = {
			isa = PBXResourcesBuildPhase;
			buildActionMask = 2147483647;
			files = (
			);
			runOnlyForDeploymentPostprocessing = 0;
		};
/* End PBXResourcesBuildPhase section */

/* Begin PBXSourcesBuildPhase section */
		C39ABD1820DDFBCF00DA5BC8 /* Sources */ = {
			isa = PBXSourcesBuildPhase;
			buildActionMask = 2147483647;
			files = (
				C39ABD5620DE016000DA5BC8 /* Structs.swift in Sources */,
				C39ABD2620DDFBCF00DA5BC8 /* Document.swift in Sources */,
				C39ABD2420DDFBCF00DA5BC8 /* DocumentViewController.swift in Sources */,
				C39ABD2220DDFBCF00DA5BC8 /* DocumentBrowserViewController.swift in Sources */,
				C3CC031920DE3E8F00A113DF /* PublicClasses.swift in Sources */,
				C3CC033120DEFD0F00A113DF /* KeyPadKeyboard.swift in Sources */,
				C3CC031C20DE533800A113DF /* PublicClassesUseful.swift in Sources */,
				C39ABD6120DE237E00DA5BC8 /* OddFunctions.swift in Sources */,
				C3CC032520DEF2B300A113DF /* KeyPadButtons.swift in Sources */,
				C39ABD5D20DE221400DA5BC8 /* KeyPadViewAppearance.swift in Sources */,
				C3CC031B20DE46D300A113DF /* PublicClassesButtons.swift in Sources */,
				C39ABD5F20DE232700DA5BC8 /* KeyPadDumpingGround.swift in Sources */,
				C3CC032720DEF2DF00A113DF /* KeyPadPopovers.swift in Sources */,
				C3CC031A20DE3EA800A113DF /* PublicClassesText.swift in Sources */,
				C3CC032B20DEF99700A113DF /* KeyPadiCloud.swift in Sources */,
				C3CC032D20DEFCCE00A113DF /* KeyPadViewsDidWill.swift in Sources */,
				C39ABD5420DDFE8600DA5BC8 /* Globals.swift in Sources */,
				C3CC032920DEF8CF00A113DF /* KeyPadDelegate.swift in Sources */,
				C39ABD2020DDFBCF00DA5BC8 /* AppDelegate.swift in Sources */,
				C39ABD6320DE253D00DA5BC8 /* DataAccess.swift in Sources */,
			);
			runOnlyForDeploymentPostprocessing = 0;
		};
		C39ABD3020DDFBD100DA5BC8 /* Sources */ = {
			isa = PBXSourcesBuildPhase;
			buildActionMask = 2147483647;
			files = (
				C39ABD5B20DE118A00DA5BC8 /* Structs.swift in Sources */,
				C3CC031E20DEB63000A113DF /* OddFunctions.swift in Sources */,
				C39ABD3920DDFBD100DA5BC8 /* Plates_v3Tests.swift in Sources */,
			);
			runOnlyForDeploymentPostprocessing = 0;
		};
		C39ABD3B20DDFBD100DA5BC8 /* Sources */ = {
			isa = PBXSourcesBuildPhase;
			buildActionMask = 2147483647;
			files = (
				C39ABD4420DDFBD100DA5BC8 /* Plates_v3UITests.swift in Sources */,
				C3CC031F20DEB63300A113DF /* OddFunctions.swift in Sources */,
			);
			runOnlyForDeploymentPostprocessing = 0;
		};
/* End PBXSourcesBuildPhase section */

/* Begin PBXTargetDependency section */
		C39ABD3620DDFBD100DA5BC8 /* PBXTargetDependency */ = {
			isa = PBXTargetDependency;
			target = C39ABD1B20DDFBCF00DA5BC8 /* Plates v3 */;
			targetProxy = C39ABD3520DDFBD100DA5BC8 /* PBXContainerItemProxy */;
		};
		C39ABD4120DDFBD100DA5BC8 /* PBXTargetDependency */ = {
			isa = PBXTargetDependency;
			target = C39ABD1B20DDFBCF00DA5BC8 /* Plates v3 */;
			targetProxy = C39ABD4020DDFBD100DA5BC8 /* PBXContainerItemProxy */;
		};
/* End PBXTargetDependency section */

/* Begin PBXVariantGroup section */
		C39ABD2720DDFBCF00DA5BC8 /* Main.storyboard */ = {
			isa = PBXVariantGroup;
			children = (
				C39ABD2820DDFBCF00DA5BC8 /* Base */,
			);
			name = Main.storyboard;
			sourceTree = "<group>";
		};
		C39ABD2C20DDFBD100DA5BC8 /* LaunchScreen.storyboard */ = {
			isa = PBXVariantGroup;
			children = (
				C39ABD2D20DDFBD100DA5BC8 /* Base */,
			);
			name = LaunchScreen.storyboard;
			sourceTree = "<group>";
		};
/* End PBXVariantGroup section */

/* Begin XCBuildConfiguration section */
		C39ABD4620DDFBD100DA5BC8 /* Debug */ = {
			isa = XCBuildConfiguration;
			buildSettings = {
				ALWAYS_SEARCH_USER_PATHS = NO;
				CLANG_ANALYZER_NONNULL = YES;
				CLANG_ANALYZER_NUMBER_OBJECT_CONVERSION = YES_AGGRESSIVE;
				CLANG_CXX_LANGUAGE_STANDARD = "gnu++14";
				CLANG_CXX_LIBRARY = "libc++";
				CLANG_ENABLE_MODULES = YES;
				CLANG_ENABLE_OBJC_ARC = YES;
				CLANG_ENABLE_OBJC_WEAK = YES;
				CLANG_WARN_BLOCK_CAPTURE_AUTORELEASING = YES;
				CLANG_WARN_BOOL_CONVERSION = YES;
				CLANG_WARN_COMMA = YES;
				CLANG_WARN_CONSTANT_CONVERSION = YES;
				CLANG_WARN_DEPRECATED_OBJC_IMPLEMENTATIONS = YES;
				CLANG_WARN_DIRECT_OBJC_ISA_USAGE = YES_ERROR;
				CLANG_WARN_DOCUMENTATION_COMMENTS = YES;
				CLANG_WARN_EMPTY_BODY = YES;
				CLANG_WARN_ENUM_CONVERSION = YES;
				CLANG_WARN_INFINITE_RECURSION = YES;
				CLANG_WARN_INT_CONVERSION = YES;
				CLANG_WARN_NON_LITERAL_NULL_CONVERSION = YES;
				CLANG_WARN_OBJC_IMPLICIT_RETAIN_SELF = YES;
				CLANG_WARN_OBJC_LITERAL_CONVERSION = YES;
				CLANG_WARN_OBJC_ROOT_CLASS = YES_ERROR;
				CLANG_WARN_RANGE_LOOP_ANALYSIS = YES;
				CLANG_WARN_STRICT_PROTOTYPES = YES;
				CLANG_WARN_SUSPICIOUS_MOVE = YES;
				CLANG_WARN_UNGUARDED_AVAILABILITY = YES_AGGRESSIVE;
				CLANG_WARN_UNREACHABLE_CODE = YES;
				CLANG_WARN__DUPLICATE_METHOD_MATCH = YES;
				CODE_SIGN_IDENTITY = "iPhone Developer";
				COPY_PHASE_STRIP = NO;
				DEBUG_INFORMATION_FORMAT = dwarf;
				ENABLE_STRICT_OBJC_MSGSEND = YES;
				ENABLE_TESTABILITY = YES;
				GCC_C_LANGUAGE_STANDARD = gnu11;
				GCC_DYNAMIC_NO_PIC = NO;
				GCC_NO_COMMON_BLOCKS = YES;
				GCC_OPTIMIZATION_LEVEL = 0;
				GCC_PREPROCESSOR_DEFINITIONS = (
					"DEBUG=1",
					"$(inherited)",
				);
				GCC_WARN_64_TO_32_BIT_CONVERSION = YES;
				GCC_WARN_ABOUT_RETURN_TYPE = YES_ERROR;
				GCC_WARN_UNDECLARED_SELECTOR = YES;
				GCC_WARN_UNINITIALIZED_AUTOS = YES_AGGRESSIVE;
				GCC_WARN_UNUSED_FUNCTION = YES;
				GCC_WARN_UNUSED_VARIABLE = YES;
				IPHONEOS_DEPLOYMENT_TARGET = 11.4;
				MTL_ENABLE_DEBUG_INFO = YES;
				ONLY_ACTIVE_ARCH = YES;
				SDKROOT = iphoneos;
				SWIFT_ACTIVE_COMPILATION_CONDITIONS = DEBUG;
				SWIFT_OPTIMIZATION_LEVEL = "-Onone";
			};
			name = Debug;
		};
		C39ABD4720DDFBD100DA5BC8 /* Release */ = {
			isa = XCBuildConfiguration;
			buildSettings = {
				ALWAYS_SEARCH_USER_PATHS = NO;
				CLANG_ANALYZER_NONNULL = YES;
				CLANG_ANALYZER_NUMBER_OBJECT_CONVERSION = YES_AGGRESSIVE;
				CLANG_CXX_LANGUAGE_STANDARD = "gnu++14";
				CLANG_CXX_LIBRARY = "libc++";
				CLANG_ENABLE_MODULES = YES;
				CLANG_ENABLE_OBJC_ARC = YES;
				CLANG_ENABLE_OBJC_WEAK = YES;
				CLANG_WARN_BLOCK_CAPTURE_AUTORELEASING = YES;
				CLANG_WARN_BOOL_CONVERSION = YES;
				CLANG_WARN_COMMA = YES;
				CLANG_WARN_CONSTANT_CONVERSION = YES;
				CLANG_WARN_DEPRECATED_OBJC_IMPLEMENTATIONS = YES;
				CLANG_WARN_DIRECT_OBJC_ISA_USAGE = YES_ERROR;
				CLANG_WARN_DOCUMENTATION_COMMENTS = YES;
				CLANG_WARN_EMPTY_BODY = YES;
				CLANG_WARN_ENUM_CONVERSION = YES;
				CLANG_WARN_INFINITE_RECURSION = YES;
				CLANG_WARN_INT_CONVERSION = YES;
				CLANG_WARN_NON_LITERAL_NULL_CONVERSION = YES;
				CLANG_WARN_OBJC_IMPLICIT_RETAIN_SELF = YES;
				CLANG_WARN_OBJC_LITERAL_CONVERSION = YES;
				CLANG_WARN_OBJC_ROOT_CLASS = YES_ERROR;
				CLANG_WARN_RANGE_LOOP_ANALYSIS = YES;
				CLANG_WARN_STRICT_PROTOTYPES = YES;
				CLANG_WARN_SUSPICIOUS_MOVE = YES;
				CLANG_WARN_UNGUARDED_AVAILABILITY = YES_AGGRESSIVE;
				CLANG_WARN_UNREACHABLE_CODE = YES;
				CLANG_WARN__DUPLICATE_METHOD_MATCH = YES;
				CODE_SIGN_IDENTITY = "iPhone Developer";
				COPY_PHASE_STRIP = NO;
				DEBUG_INFORMATION_FORMAT = "dwarf-with-dsym";
				ENABLE_NS_ASSERTIONS = NO;
				ENABLE_STRICT_OBJC_MSGSEND = YES;
				GCC_C_LANGUAGE_STANDARD = gnu11;
				GCC_NO_COMMON_BLOCKS = YES;
				GCC_WARN_64_TO_32_BIT_CONVERSION = YES;
				GCC_WARN_ABOUT_RETURN_TYPE = YES_ERROR;
				GCC_WARN_UNDECLARED_SELECTOR = YES;
				GCC_WARN_UNINITIALIZED_AUTOS = YES_AGGRESSIVE;
				GCC_WARN_UNUSED_FUNCTION = YES;
				GCC_WARN_UNUSED_VARIABLE = YES;
				IPHONEOS_DEPLOYMENT_TARGET = 11.4;
				MTL_ENABLE_DEBUG_INFO = NO;
				SDKROOT = iphoneos;
				SWIFT_COMPILATION_MODE = wholemodule;
				SWIFT_OPTIMIZATION_LEVEL = "-O";
				VALIDATE_PRODUCT = YES;
			};
			name = Release;
		};
		C39ABD4920DDFBD100DA5BC8 /* Debug */ = {
			isa = XCBuildConfiguration;
			buildSettings = {
				ASSETCATALOG_COMPILER_APPICON_NAME = AppIcon;
				CLANG_ENABLE_MODULES = YES;
				CODE_SIGN_STYLE = Automatic;
				DEVELOPMENT_TEAM = LXF6F4R7E9;
				FRAMEWORK_SEARCH_PATHS = (
					"$(inherited)",
					"$(PROJECT_DIR)/Plates\\ v3",
					"$(PROJECT_DIR)/Plates\\ v3",
					"$(PROJECT_DIR)/Plates\\ v3",
					"$(PROJECT_DIR)/Plates\\ v3",
					"$(PROJECT_DIR)/Carthage/Build/iOS",
				);
				INFOPLIST_FILE = "Plates v3/Info.plist";
				LD_RUNPATH_SEARCH_PATHS = (
					"$(inherited)",
					"@executable_path/Frameworks",
				);
				PRODUCT_BUNDLE_IDENTIFIER = "NickTalavera.Plates-v3";
				PRODUCT_NAME = "$(TARGET_NAME)";
				SWIFT_OBJC_BRIDGING_HEADER = "Plates v3/Plates v3-Bridging-Header.h";
				SWIFT_OPTIMIZATION_LEVEL = "-Onone";
				SWIFT_VERSION = 4.0;
				TARGETED_DEVICE_FAMILY = "1,2";
			};
			name = Debug;
		};
		C39ABD4A20DDFBD100DA5BC8 /* Release */ = {
			isa = XCBuildConfiguration;
			buildSettings = {
				ASSETCATALOG_COMPILER_APPICON_NAME = AppIcon;
				CLANG_ENABLE_MODULES = YES;
				CODE_SIGN_STYLE = Automatic;
				DEVELOPMENT_TEAM = LXF6F4R7E9;
				FRAMEWORK_SEARCH_PATHS = (
					"$(inherited)",
					"$(PROJECT_DIR)/Plates\\ v3",
					"$(PROJECT_DIR)/Plates\\ v3",
					"$(PROJECT_DIR)/Plates\\ v3",
					"$(PROJECT_DIR)/Plates\\ v3",
					"$(PROJECT_DIR)/Carthage/Build/iOS",
				);
				INFOPLIST_FILE = "Plates v3/Info.plist";
				LD_RUNPATH_SEARCH_PATHS = (
					"$(inherited)",
					"@executable_path/Frameworks",
				);
				PRODUCT_BUNDLE_IDENTIFIER = "NickTalavera.Plates-v3";
				PRODUCT_NAME = "$(TARGET_NAME)";
				SWIFT_OBJC_BRIDGING_HEADER = "Plates v3/Plates v3-Bridging-Header.h";
				SWIFT_VERSION = 4.0;
				TARGETED_DEVICE_FAMILY = "1,2";
			};
			name = Release;
		};
		C39ABD4C20DDFBD100DA5BC8 /* Debug */ = {
			isa = XCBuildConfiguration;
			buildSettings = {
				ALWAYS_EMBED_SWIFT_STANDARD_LIBRARIES = YES;
				BUNDLE_LOADER = "$(TEST_HOST)";
				CODE_SIGN_STYLE = Automatic;
				DEVELOPMENT_TEAM = LXF6F4R7E9;
				FRAMEWORK_SEARCH_PATHS = (
					"$(inherited)",
					"$(PROJECT_DIR)/Carthage/Build/iOS",
				);
				INFOPLIST_FILE = "Plates v3Tests/Info.plist";
				LD_RUNPATH_SEARCH_PATHS = (
					"$(inherited)",
					"@executable_path/Frameworks",
					"@loader_path/Frameworks",
				);
				PRODUCT_BUNDLE_IDENTIFIER = "NickTalavera.Plates-v3Tests";
				PRODUCT_NAME = "$(TARGET_NAME)";
				SWIFT_VERSION = 4.0;
				TARGETED_DEVICE_FAMILY = "1,2";
				TEST_HOST = "$(BUILT_PRODUCTS_DIR)/Plates v3.app/Plates v3";
			};
			name = Debug;
		};
		C39ABD4D20DDFBD100DA5BC8 /* Release */ = {
			isa = XCBuildConfiguration;
			buildSettings = {
				ALWAYS_EMBED_SWIFT_STANDARD_LIBRARIES = YES;
				BUNDLE_LOADER = "$(TEST_HOST)";
				CODE_SIGN_STYLE = Automatic;
				DEVELOPMENT_TEAM = LXF6F4R7E9;
				FRAMEWORK_SEARCH_PATHS = (
					"$(inherited)",
					"$(PROJECT_DIR)/Carthage/Build/iOS",
				);
				INFOPLIST_FILE = "Plates v3Tests/Info.plist";
				LD_RUNPATH_SEARCH_PATHS = (
					"$(inherited)",
					"@executable_path/Frameworks",
					"@loader_path/Frameworks",
				);
				PRODUCT_BUNDLE_IDENTIFIER = "NickTalavera.Plates-v3Tests";
				PRODUCT_NAME = "$(TARGET_NAME)";
				SWIFT_VERSION = 4.0;
				TARGETED_DEVICE_FAMILY = "1,2";
				TEST_HOST = "$(BUILT_PRODUCTS_DIR)/Plates v3.app/Plates v3";
			};
			name = Release;
		};
		C39ABD4F20DDFBD100DA5BC8 /* Debug */ = {
			isa = XCBuildConfiguration;
			buildSettings = {
				ALWAYS_EMBED_SWIFT_STANDARD_LIBRARIES = YES;
				CODE_SIGN_STYLE = Automatic;
				DEVELOPMENT_TEAM = LXF6F4R7E9;
				INFOPLIST_FILE = "Plates v3UITests/Info.plist";
				LD_RUNPATH_SEARCH_PATHS = (
					"$(inherited)",
					"@executable_path/Frameworks",
					"@loader_path/Frameworks",
				);
				PRODUCT_BUNDLE_IDENTIFIER = "NickTalavera.Plates-v3UITests";
				PRODUCT_NAME = "$(TARGET_NAME)";
				SWIFT_VERSION = 4.0;
				TARGETED_DEVICE_FAMILY = "1,2";
				TEST_TARGET_NAME = "Plates v3";
			};
			name = Debug;
		};
		C39ABD5020DDFBD100DA5BC8 /* Release */ = {
			isa = XCBuildConfiguration;
			buildSettings = {
				ALWAYS_EMBED_SWIFT_STANDARD_LIBRARIES = YES;
				CODE_SIGN_STYLE = Automatic;
				DEVELOPMENT_TEAM = LXF6F4R7E9;
				INFOPLIST_FILE = "Plates v3UITests/Info.plist";
				LD_RUNPATH_SEARCH_PATHS = (
					"$(inherited)",
					"@executable_path/Frameworks",
					"@loader_path/Frameworks",
				);
				PRODUCT_BUNDLE_IDENTIFIER = "NickTalavera.Plates-v3UITests";
				PRODUCT_NAME = "$(TARGET_NAME)";
				SWIFT_VERSION = 4.0;
				TARGETED_DEVICE_FAMILY = "1,2";
				TEST_TARGET_NAME = "Plates v3";
			};
			name = Release;
		};
/* End XCBuildConfiguration section */

/* Begin XCConfigurationList section */
		C39ABD1720DDFBCF00DA5BC8 /* Build configuration list for PBXProject "Plates v3" */ = {
			isa = XCConfigurationList;
			buildConfigurations = (
				C39ABD4620DDFBD100DA5BC8 /* Debug */,
				C39ABD4720DDFBD100DA5BC8 /* Release */,
			);
			defaultConfigurationIsVisible = 0;
			defaultConfigurationName = Release;
		};
		C39ABD4820DDFBD100DA5BC8 /* Build configuration list for PBXNativeTarget "Plates v3" */ = {
			isa = XCConfigurationList;
			buildConfigurations = (
				C39ABD4920DDFBD100DA5BC8 /* Debug */,
				C39ABD4A20DDFBD100DA5BC8 /* Release */,
			);
			defaultConfigurationIsVisible = 0;
			defaultConfigurationName = Release;
		};
		C39ABD4B20DDFBD100DA5BC8 /* Build configuration list for PBXNativeTarget "Plates v3Tests" */ = {
			isa = XCConfigurationList;
			buildConfigurations = (
				C39ABD4C20DDFBD100DA5BC8 /* Debug */,
				C39ABD4D20DDFBD100DA5BC8 /* Release */,
			);
			defaultConfigurationIsVisible = 0;
			defaultConfigurationName = Release;
		};
		C39ABD4E20DDFBD100DA5BC8 /* Build configuration list for PBXNativeTarget "Plates v3UITests" */ = {
			isa = XCConfigurationList;
			buildConfigurations = (
				C39ABD4F20DDFBD100DA5BC8 /* Debug */,
				C39ABD5020DDFBD100DA5BC8 /* Release */,
			);
			defaultConfigurationIsVisible = 0;
			defaultConfigurationName = Release;
		};
/* End XCConfigurationList section */
	};
	rootObject = C39ABD1420DDFBCF00DA5BC8 /* Project object */;
}
